
Microsoft Visual Studio Solution File, Format Version 12.00
# Visual Studio 14
VisualStudioVersion = 14.0.24720.0
MinimumVisualStudioVersion = 10.0.40219.1
Project("{FAE04EC0-301F-11D3-BF4B-00C04F79EFBC}") = "CodingDojo1_Reifschneider", "CodingDojo1_Reifschneider\CodingDojo1_Reifschneider.csproj", "{9DFEE2AD-CB91-4ED2-B4B3-B47D3BCA661F}"
EndProject
Global
	GlobalSection(SolutionConfigurationPlatforms) = preSolution
		Debug|Any CPU = Debug|Any CPU
		Release|Any CPU = Release|Any CPU
	EndGlobalSection
	GlobalSection(ProjectConfigurationPlatforms) = postSolution
		{9DFEE2AD-CB91-4ED2-B4B3-B47D3BCA661F}.Debug|Any CPU.ActiveCfg = Debug|Any CPU
		{9DFEE2AD-CB91-4ED2-B4B3-B47D3BCA661F}.Debug|Any CPU.Build.0 = Debug|Any CPU
		{9DFEE2AD-CB91-4ED2-B4B3-B47D3BCA661F}.Release|Any CPU.ActiveCfg = Release|Any CPU
		{9DFEE2AD-CB91-4ED2-B4B3-B47D3BCA661F}.Release|Any CPU.Build.0 = Release|Any CPU
	EndGlobalSection
	GlobalSection(SolutionProperties) = preSolution
		HideSolutionNode = FALSE
	EndGlobalSection
EndGlobal
